// !$*UTF8*$!
{
	archiveVersion = 1;
	classes = {
	};
	objectVersion = 50;
	objects = {

/* Begin PBXBuildFile section */
		4CAA1E2D24C2044100D317D7 /* AppDelegate.swift in Sources */ = {isa = PBXBuildFile; fileRef = 4CAA1E2C24C2044100D317D7 /* AppDelegate.swift */; };
		4CAA1E2F24C2044100D317D7 /* SceneDelegate.swift in Sources */ = {isa = PBXBuildFile; fileRef = 4CAA1E2E24C2044100D317D7 /* SceneDelegate.swift */; };
		4CAA1E3124C2044100D317D7 /* ContentView.swift in Sources */ = {isa = PBXBuildFile; fileRef = 4CAA1E3024C2044100D317D7 /* ContentView.swift */; };
		4CAA1E3324C2044200D317D7 /* Assets.xcassets in Resources */ = {isa = PBXBuildFile; fileRef = 4CAA1E3224C2044200D317D7 /* Assets.xcassets */; };
		4CAA1E3624C2044200D317D7 /* Preview Assets.xcassets in Resources */ = {isa = PBXBuildFile; fileRef = 4CAA1E3524C2044200D317D7 /* Preview Assets.xcassets */; };
		4CAA1E3924C2044200D317D7 /* LaunchScreen.storyboard in Resources */ = {isa = PBXBuildFile; fileRef = 4CAA1E3724C2044200D317D7 /* LaunchScreen.storyboard */; };
/* End PBXBuildFile section */

/* Begin PBXFileReference section */
		4CAA1E2924C2044100D317D7 /* swiftmodules.app */ = {isa = PBXFileReference; explicitFileType = wrapper.application; includeInIndex = 0; path = swiftmodules.app; sourceTree = BUILT_PRODUCTS_DIR; };
		4CAA1E2C24C2044100D317D7 /* AppDelegate.swift */ = {isa = PBXFileReference; lastKnownFileType = sourcecode.swift; path = AppDelegate.swift; sourceTree = "<group>"; };
		4CAA1E2E24C2044100D317D7 /* SceneDelegate.swift */ = {isa = PBXFileReference; lastKnownFileType = sourcecode.swift; path = SceneDelegate.swift; sourceTree = "<group>"; };
		4CAA1E3024C2044100D317D7 /* ContentView.swift */ = {isa = PBXFileReference; lastKnownFileType = sourcecode.swift; path = ContentView.swift; sourceTree = "<group>"; };
		4CAA1E3224C2044200D317D7 /* Assets.xcassets */ = {isa = PBXFileReference; lastKnownFileType = folder.assetcatalog; path = Assets.xcassets; sourceTree = "<group>"; };
		4CAA1E3524C2044200D317D7 /* Preview Assets.xcassets */ = {isa = PBXFileReference; lastKnownFileType = folder.assetcatalog; path = "Preview Assets.xcassets"; sourceTree = "<group>"; };
		4CAA1E3824C2044200D317D7 /* Base */ = {isa = PBXFileReference; lastKnownFileType = file.storyboard; name = Base; path = Base.lproj/LaunchScreen.storyboard; sourceTree = "<group>"; };
		4CAA1E3A24C2044200D317D7 /* Info.plist */ = {isa = PBXFileReference; lastKnownFileType = text.plist.xml; path = Info.plist; sourceTree = "<group>"; };
/* End PBXFileReference section */

/* Begin PBXFrameworksBuildPhase section */
		4CAA1E2624C2044100D317D7 /* Frameworks */ = {
			isa = PBXFrameworksBuildPhase;
			buildActionMask = 2147483647;
			files = (
			);
			runOnlyForDeploymentPostprocessing = 0;
		};
/* End PBXFrameworksBuildPhase section */

/* Begin PBXGroup section */
		4CAA1E2024C2044100D317D7 = {
			isa = PBXGroup;
			children = (
				4CAA1E2B24C2044100D317D7 /* swiftmodules */,
				4CAA1E2A24C2044100D317D7 /* Products */,
			);
			sourceTree = "<group>";
		};
		4CAA1E2A24C2044100D317D7 /* Products */ = {
			isa = PBXGroup;
			children = (
				4CAA1E2924C2044100D317D7 /* swiftmodules.app */,
			);
			name = Products;
			sourceTree = "<group>";
		};
		4CAA1E2B24C2044100D317D7 /* swiftmodules */ = {
			isa = PBXGroup;
			children = (
				4CAA1E2C24C2044100D317D7 /* AppDelegate.swift */,
				4CAA1E2E24C2044100D317D7 /* SceneDelegate.swift */,
				4CAA1E3024C2044100D317D7 /* ContentView.swift */,
				4CAA1E3224C2044200D317D7 /* Assets.xcassets */,
				4CAA1E3724C2044200D317D7 /* LaunchScreen.storyboard */,
				4CAA1E3A24C2044200D317D7 /* Info.plist */,
				4CAA1E3424C2044200D317D7 /* Preview Content */,
			);
			path = swiftmodules;
			sourceTree = "<group>";
		};
		4CAA1E3424C2044200D317D7 /* Preview Content */ = {
			isa = PBXGroup;
			children = (
				4CAA1E3524C2044200D317D7 /* Preview Assets.xcassets */,
			);
			path = "Preview Content";
			sourceTree = "<group>";
		};
/* End PBXGroup section */

/* Begin PBXNativeTarget section */
		4CAA1E2824C2044100D317D7 /* swiftmodules */ = {
			isa = PBXNativeTarget;
			buildConfigurationList = 4CAA1E3D24C2044200D317D7 /* Build configuration list for PBXNativeTarget "swiftmodules" */;
			buildPhases = (
				4CAA1E2524C2044100D317D7 /* Sources */,
				4CAA1E2624C2044100D317D7 /* Frameworks */,
				4CAA1E2724C2044100D317D7 /* Resources */,
			);
			buildRules = (
			);
			dependencies = (
			);
			name = swiftmodules;
			productName = swiftmodules;
			productReference = 4CAA1E2924C2044100D317D7 /* swiftmodules.app */;
			productType = "com.apple.product-type.application";
		};
/* End PBXNativeTarget section */

/* Begin PBXProject section */
		4CAA1E2124C2044100D317D7 /* Project object */ = {
			isa = PBXProject;
			attributes = {
				LastSwiftUpdateCheck = 1130;
				LastUpgradeCheck = 1130;
				ORGANIZATIONNAME = michael;
				TargetAttributes = {
					4CAA1E2824C2044100D317D7 = {
						CreatedOnToolsVersion = 11.3;
					};
				};
			};
			buildConfigurationList = 4CAA1E2424C2044100D317D7 /* Build configuration list for PBXProject "swiftmodules" */;
			compatibilityVersion = "Xcode 9.3";
			developmentRegion = en;
			hasScannedForEncodings = 0;
			knownRegions = (
				en,
				Base,
			);
			mainGroup = 4CAA1E2024C2044100D317D7;
			productRefGroup = 4CAA1E2A24C2044100D317D7 /* Products */;
			projectDirPath = "";
			projectRoot = "";
			targets = (
				4CAA1E2824C2044100D317D7 /* swiftmodules */,
			);
		};
/* End PBXProject section */

/* Begin PBXResourcesBuildPhase section */
		4CAA1E2724C2044100D317D7 /* Resources */ = {
			isa = PBXResourcesBuildPhase;
			buildActionMask = 2147483647;
			files = (
				4CAA1E3924C2044200D317D7 /* LaunchScreen.storyboard in Resources */,
				4CAA1E3624C2044200D317D7 /* Preview Assets.xcassets in Resources */,
				4CAA1E3324C2044200D317D7 /* Assets.xcassets in Resources */,
			);
			runOnlyForDeploymentPostprocessing = 0;
		};
/* End PBXResourcesBuildPhase section */

/* Begin PBXSourcesBuildPhase section */
		4CAA1E2524C2044100D317D7 /* Sources */ = {
			isa = PBXSourcesBuildPhase;
			buildActionMask = 2147483647;
			files = (
				4CAA1E2D24C2044100D317D7 /* AppDelegate.swift in Sources */,
				4CAA1E2F24C2044100D317D7 /* SceneDelegate.swift in Sources */,
				4CAA1E3124C2044100D317D7 /* ContentView.swift in Sources */,
			);
			runOnlyForDeploymentPostprocessing = 0;
		};
/* End PBXSourcesBuildPhase section */

/* Begin PBXVariantGroup section */
		4CAA1E3724C2044200D317D7 /* LaunchScreen.storyboard */ = {
			isa = PBXVariantGroup;
			children = (
				4CAA1E3824C2044200D317D7 /* Base */,
			);
			name = LaunchScreen.storyboard;
			sourceTree = "<group>";
		};
/* End PBXVariantGroup section */

/* Begin XCBuildConfiguration section */
		4CAA1E3B24C2044200D317D7 /* Debug */ = {
			isa = XCBuildConfiguration;
			buildSettings = {
				ALWAYS_SEARCH_USER_PATHS = NO;
				CLANG_ANALYZER_NONNULL = YES;
				CLANG_ANALYZER_NUMBER_OBJECT_CONVERSION = YES_AGGRESSIVE;
				CLANG_CXX_LANGUAGE_STANDARD = "gnu++14";
				CLANG_CXX_LIBRARY = "libc++";
				CLANG_ENABLE_MODULES = YES;
				CLANG_ENABLE_OBJC_ARC = YES;
				CLANG_ENABLE_OBJC_WEAK = YES;
				CLANG_WARN_BLOCK_CAPTURE_AUTORELEASING = YES;
				CLANG_WARN_BOOL_CONVERSION = YES;
				CLANG_WARN_COMMA = YES;
				CLANG_WARN_CONSTANT_CONVERSION = YES;
				CLANG_WARN_DEPRECATED_OBJC_IMPLEMENTATIONS = YES;
				CLANG_WARN_DIRECT_OBJC_ISA_USAGE = YES_ERROR;
				CLANG_WARN_DOCUMENTATION_COMMENTS = YES;
				CLANG_WARN_EMPTY_BODY = YES;
				CLANG_WARN_ENUM_CONVERSION = YES;
				CLANG_WARN_INFINITE_RECURSION = YES;
				CLANG_WARN_INT_CONVERSION = YES;
				CLANG_WARN_NON_LITERAL_NULL_CONVERSION = YES;
				CLANG_WARN_OBJC_IMPLICIT_RETAIN_SELF = YES;
				CLANG_WARN_OBJC_LITERAL_CONVERSION = YES;
				CLANG_WARN_OBJC_ROOT_CLASS = YES_ERROR;
				CLANG_WARN_RANGE_LOOP_ANALYSIS = YES;
				CLANG_WARN_STRICT_PROTOTYPES = YES;
				CLANG_WARN_SUSPICIOUS_MOVE = YES;
				CLANG_WARN_UNGUARDED_AVAILABILITY = YES_AGGRESSIVE;
				CLANG_WARN_UNREACHABLE_CODE = YES;
				CLANG_WARN__DUPLICATE_METHOD_MATCH = YES;
				COPY_PHASE_STRIP = NO;
				DEBUG_INFORMATION_FORMAT = dwarf;
				ENABLE_STRICT_OBJC_MSGSEND = YES;
				ENABLE_TESTABILITY = YES;
				GCC_C_LANGUAGE_STANDARD = gnu11;
				GCC_DYNAMIC_NO_PIC = NO;
				GCC_NO_COMMON_BLOCKS = YES;
				GCC_OPTIMIZATION_LEVEL = 0;
				GCC_PREPROCESSOR_DEFINITIONS = (
					"DEBUG=1",
					"$(inherited)",
				);
				GCC_WARN_64_TO_32_BIT_CONVERSION = YES;
				GCC_WARN_ABOUT_RETURN_TYPE = YES_ERROR;
				GCC_WARN_UNDECLARED_SELECTOR = YES;
				GCC_WARN_UNINITIALIZED_AUTOS = YES_AGGRESSIVE;
				GCC_WARN_UNUSED_FUNCTION = YES;
				GCC_WARN_UNUSED_VARIABLE = YES;
				IPHONEOS_DEPLOYMENT_TARGET = 13.2;
				MTL_ENABLE_DEBUG_INFO = INCLUDE_SOURCE;
				MTL_FAST_MATH = YES;
				ONLY_ACTIVE_ARCH = YES;
				SDKROOT = iphoneos;
				SWIFT_ACTIVE_COMPILATION_CONDITIONS = DEBUG;
				SWIFT_OPTIMIZATION_LEVEL = "-Onone";
			};
			name = Debug;
		};
		4CAA1E3C24C2044200D317D7 /* Release */ = {
			isa = XCBuildConfiguration;
			buildSettings = {
				ALWAYS_SEARCH_USER_PATHS = NO;
				CLANG_ANALYZER_NONNULL = YES;
				CLANG_ANALYZER_NUMBER_OBJECT_CONVERSION = YES_AGGRESSIVE;
				CLANG_CXX_LANGUAGE_STANDARD = "gnu++14";
				CLANG_CXX_LIBRARY = "libc++";
				CLANG_ENABLE_MODULES = YES;
				CLANG_ENABLE_OBJC_ARC = YES;
				CLANG_ENABLE_OBJC_WEAK = YES;
				CLANG_WARN_BLOCK_CAPTURE_AUTORELEASING = YES;
				CLANG_WARN_BOOL_CONVERSION = YES;
				CLANG_WARN_COMMA = YES;
				CLANG_WARN_CONSTANT_CONVERSION = YES;
				CLANG_WARN_DEPRECATED_OBJC_IMPLEMENTATIONS = YES;
				CLANG_WARN_DIRECT_OBJC_ISA_USAGE = YES_ERROR;
				CLANG_WARN_DOCUMENTATION_COMMENTS = YES;
				CLANG_WARN_EMPTY_BODY = YES;
				CLANG_WARN_ENUM_CONVERSION = YES;
				CLANG_WARN_INFINITE_RECURSION = YES;
				CLANG_WARN_INT_CONVERSION = YES;
				CLANG_WARN_NON_LITERAL_NULL_CONVERSION = YES;
				CLANG_WARN_OBJC_IMPLICIT_RETAIN_SELF = YES;
				CLANG_WARN_OBJC_LITERAL_CONVERSION = YES;
				CLANG_WARN_OBJC_ROOT_CLASS = YES_ERROR;
				CLANG_WARN_RANGE_LOOP_ANALYSIS = YES;
				CLANG_WARN_STRICT_PROTOTYPES = YES;
				CLANG_WARN_SUSPICIOUS_MOVE = YES;
				CLANG_WARN_UNGUARDED_AVAILABILITY = YES_AGGRESSIVE;
				CLANG_WARN_UNREACHABLE_CODE = YES;
				CLANG_WARN__DUPLICATE_METHOD_MATCH = YES;
				COPY_PHASE_STRIP = NO;
				DEBUG_INFORMATION_FORMAT = "dwarf-with-dsym";
				ENABLE_NS_ASSERTIONS = NO;
				ENABLE_STRICT_OBJC_MSGSEND = YES;
				GCC_C_LANGUAGE_STANDARD = gnu11;
				GCC_NO_COMMON_BLOCKS = YES;
				GCC_WARN_64_TO_32_BIT_CONVERSION = YES;
				GCC_WARN_ABOUT_RETURN_TYPE = YES_ERROR;
				GCC_WARN_UNDECLARED_SELECTOR = YES;
				GCC_WARN_UNINITIALIZED_AUTOS = YES_AGGRESSIVE;
				GCC_WARN_UNUSED_FUNCTION = YES;
				GCC_WARN_UNUSED_VARIABLE = YES;
				IPHONEOS_DEPLOYMENT_TARGET = 13.2;
				MTL_ENABLE_DEBUG_INFO = NO;
				MTL_FAST_MATH = YES;
				SDKROOT = iphoneos;
				SWIFT_COMPILATION_MODE = wholemodule;
				SWIFT_OPTIMIZATION_LEVEL = "-O";
				VALIDATE_PRODUCT = YES;
			};
			name = Release;
		};
		4CAA1E3E24C2044200D317D7 /* Debug */ = {
			isa = XCBuildConfiguration;
			buildSettings = {
				ASSETCATALOG_COMPILER_APPICON_NAME = AppIcon;
				CODE_SIGN_STYLE = Automatic;
				DEVELOPMENT_ASSET_PATHS = "\"swiftmodules/Preview Content\"";
				DEVELOPMENT_TEAM = HFB8U7J6K9;
				ENABLE_PREVIEWS = YES;
				INFOPLIST_FILE = swiftmodules/Info.plist;
				LD_RUNPATH_SEARCH_PATHS = (
					"$(inherited)",
					"@executable_path/Frameworks",
				);
				PRODUCT_BUNDLE_IDENTIFIER = com.YOmicha.Testing.swiftmodules;
				PRODUCT_NAME = "$(TARGET_NAME)";
				SWIFT_VERSION = 5.0;
				TARGETED_DEVICE_FAMILY = "1,2";
			};
			name = Debug;
		};
		4CAA1E3F24C2044200D317D7 /* Release */ = {
			isa = XCBuildConfiguration;
			buildSettings = {
				ASSETCATALOG_COMPILER_APPICON_NAME = AppIcon;
				CODE_SIGN_STYLE = Automatic;
				DEVELOPMENT_ASSET_PATHS = "\"swiftmodules/Preview Content\"";
				DEVELOPMENT_TEAM = HFB8U7J6K9;
				ENABLE_PREVIEWS = YES;
				INFOPLIST_FILE = swiftmodules/Info.plist;
				LD_RUNPATH_SEARCH_PATHS = (
					"$(inherited)",
					"@executable_path/Frameworks",
				);
				PRODUCT_BUNDLE_IDENTIFIER = com.YOmicha.Testing.swiftmodules;
				PRODUCT_NAME = "$(TARGET_NAME)";
				SWIFT_VERSION = 5.0;
				TARGETED_DEVICE_FAMILY = "1,2";
			};
			name = Release;
		};
/* End XCBuildConfiguration section */

/* Begin XCConfigurationList section */
		4CAA1E2424C2044100D317D7 /* Build configuration list for PBXProject "swiftmodules" */ = {
			isa = XCConfigurationList;
			buildConfigurations = (
				4CAA1E3B24C2044200D317D7 /* Debug */,
				4CAA1E3C24C2044200D317D7 /* Release */,
			);
			defaultConfigurationIsVisible = 0;
			defaultConfigurationName = Release;
		};
		4CAA1E3D24C2044200D317D7 /* Build configuration list for PBXNativeTarget "swiftmodules" */ = {
			isa = XCConfigurationList;
			buildConfigurations = (
				4CAA1E3E24C2044200D317D7 /* Debug */,
				4CAA1E3F24C2044200D317D7 /* Release */,
			);
			defaultConfigurationIsVisible = 0;
			defaultConfigurationName = Release;
		};
/* End XCConfigurationList section */
	};
	rootObject = 4CAA1E2124C2044100D317D7 /* Project object */;
}
